{
  "object": {
    "pins": [
      {
        "package": "RNCryptor",
        "repositoryURL": "https://github.com/RNCryptor/RNCryptor.git",
        "state": {
          "branch": null,
          "revision": "5e3bbf44f08bf90049537cb8902d8f4fa911a79a",
          "version": "5.1.0"
        }
      },
      {
        "package": "swift-argument-parser",
        "repositoryURL": "https://github.com/apple/swift-argument-parser.git",
        "state": {
          "branch": null,
          "revision": "6b2aa2748a7881eebb9f84fb10c01293e15b52ca",
          "version": "0.5.0"
        }
      }
    ]
  },
  "version": 1
}
